
Microsoft Visual Studio Solution File, Format Version 12.00
# Visual Studio Version 16
VisualStudioVersion = 16.0.29806.167
MinimumVisualStudioVersion = 10.0.40219.1
Project("{FAE04EC0-301F-11D3-BF4B-00C04F79EFBC}") = "Pokedex", "Pokedex.csproj", "{222CF543-8783-4925-9DBF-7AD7F15C3F0F}"
EndProject
Global
	GlobalSection(SolutionConfigurationPlatforms) = preSolution
		Debug|Any CPU = Debug|Any CPU
		Release|Any CPU = Release|Any CPU
	EndGlobalSection
	GlobalSection(ProjectConfigurationPlatforms) = postSolution
		{222CF543-8783-4925-9DBF-7AD7F15C3F0F}.Debug|Any CPU.ActiveCfg = Debug|Any CPU
		{222CF543-8783-4925-9DBF-7AD7F15C3F0F}.Debug|Any CPU.Build.0 = Debug|Any CPU
		{222CF543-8783-4925-9DBF-7AD7F15C3F0F}.Release|Any CPU.ActiveCfg = Release|Any CPU
		{222CF543-8783-4925-9DBF-7AD7F15C3F0F}.Release|Any CPU.Build.0 = Release|Any CPU
	EndGlobalSection
	GlobalSection(SolutionProperties) = preSolution
		HideSolutionNode = FALSE
	EndGlobalSection
	GlobalSection(ExtensibilityGlobals) = postSolution
		SolutionGuid = {815269CA-3E8C-4446-A621-5D9798F27468}
	EndGlobalSection
EndGlobal
